
Microsoft Visual Studio Solution File, Format Version 12.00
# Visual Studio Version 17
VisualStudioVersion = 17.0.31903.59
MinimumVisualStudioVersion = 10.0.40219.1
Project("{FAE04EC0-301F-11D3-BF4B-00C04F79EFBC}") = "Slagsmålspelet02", "Slagsmålspelet02\Slagsmålspelet02.csproj", "{8B38494D-49B2-4523-B70E-7853B3073839}"
EndProject
Global
	GlobalSection(SolutionConfigurationPlatforms) = preSolution
		Debug|Any CPU = Debug|Any CPU
		Release|Any CPU = Release|Any CPU
	EndGlobalSection
	GlobalSection(SolutionProperties) = preSolution
		HideSolutionNode = FALSE
	EndGlobalSection
	GlobalSection(ProjectConfigurationPlatforms) = postSolution
		{8B38494D-49B2-4523-B70E-7853B3073839}.Debug|Any CPU.ActiveCfg = Debug|Any CPU
		{8B38494D-49B2-4523-B70E-7853B3073839}.Debug|Any CPU.Build.0 = Debug|Any CPU
		{8B38494D-49B2-4523-B70E-7853B3073839}.Release|Any CPU.ActiveCfg = Release|Any CPU
		{8B38494D-49B2-4523-B70E-7853B3073839}.Release|Any CPU.Build.0 = Release|Any CPU
	EndGlobalSection
EndGlobal
